
Microsoft Visual Studio Solution File, Format Version 12.00
# Visual Studio Version 17
VisualStudioVersion = 17.5.002.0
MinimumVisualStudioVersion = 10.0.40219.1
Project("{9A19103F-16F7-4668-BE54-9A1E7A4F7556}") = "Projeto - Sistema de Hospedagem de um Hotel", "Projeto - Sistema de Hospedagem de um Hotel.csproj", "{CB91092B-BB58-4869-B8D6-F3FD86BD637D}"
EndProject
Global
	GlobalSection(SolutionConfigurationPlatforms) = preSolution
		Debug|Any CPU = Debug|Any CPU
		Release|Any CPU = Release|Any CPU
	EndGlobalSection
	GlobalSection(ProjectConfigurationPlatforms) = postSolution
		{CB91092B-BB58-4869-B8D6-F3FD86BD637D}.Debug|Any CPU.ActiveCfg = Debug|Any CPU
		{CB91092B-BB58-4869-B8D6-F3FD86BD637D}.Debug|Any CPU.Build.0 = Debug|Any CPU
		{CB91092B-BB58-4869-B8D6-F3FD86BD637D}.Release|Any CPU.ActiveCfg = Release|Any CPU
		{CB91092B-BB58-4869-B8D6-F3FD86BD637D}.Release|Any CPU.Build.0 = Release|Any CPU
	EndGlobalSection
	GlobalSection(SolutionProperties) = preSolution
		HideSolutionNode = FALSE
	EndGlobalSection
	GlobalSection(ExtensibilityGlobals) = postSolution
		SolutionGuid = {C3119B4E-649A-4DAE-B746-2C4F44690036}
	EndGlobalSection
EndGlobal
